
Microsoft Visual Studio Solution File, Format Version 12.00
# Visual Studio 2012
Project("{FAE04EC0-301F-11D3-BF4B-00C04F79EFBC}") = "DotNet.Http.Core", "DotNet.Http.Core\DotNet.Http.Core.csproj", "{13E213E3-0722-4438-AD7E-E94F52F86E0A}"
EndProject
Project("{FAE04EC0-301F-11D3-BF4B-00C04F79EFBC}") = "DotNet.Http.Console", "DotNet.Http.Console\DotNet.Http.Console.csproj", "{831ED26D-301E-4C28-BB94-466BDADA2A78}"
EndProject
Global
	GlobalSection(SolutionConfigurationPlatforms) = preSolution
		Debug|Any CPU = Debug|Any CPU
		Release|Any CPU = Release|Any CPU
	EndGlobalSection
	GlobalSection(ProjectConfigurationPlatforms) = postSolution
		{13E213E3-0722-4438-AD7E-E94F52F86E0A}.Debug|Any CPU.ActiveCfg = Debug|Any CPU
		{13E213E3-0722-4438-AD7E-E94F52F86E0A}.Debug|Any CPU.Build.0 = Debug|Any CPU
		{13E213E3-0722-4438-AD7E-E94F52F86E0A}.Release|Any CPU.ActiveCfg = Release|Any CPU
		{13E213E3-0722-4438-AD7E-E94F52F86E0A}.Release|Any CPU.Build.0 = Release|Any CPU
		{831ED26D-301E-4C28-BB94-466BDADA2A78}.Debug|Any CPU.ActiveCfg = Debug|Any CPU
		{831ED26D-301E-4C28-BB94-466BDADA2A78}.Debug|Any CPU.Build.0 = Debug|Any CPU
		{831ED26D-301E-4C28-BB94-466BDADA2A78}.Release|Any CPU.ActiveCfg = Release|Any CPU
		{831ED26D-301E-4C28-BB94-466BDADA2A78}.Release|Any CPU.Build.0 = Release|Any CPU
	EndGlobalSection
	GlobalSection(SolutionProperties) = preSolution
		HideSolutionNode = FALSE
	EndGlobalSection
EndGlobal
